{
  "nodes": {
    "beamdev": {
      "inputs": {
        "crane": "crane",
        "flake-parts": "flake-parts",
        "nixpkgs": "nixpkgs",
        "rust-overlay": "rust-overlay"
      },
      "locked": {
        "lastModified": 1787866091,
        "narHash": "sha256-5Wba2QFPkzgQzxIao5qxShvJ5bGOAmb92SWYf4g8+K4=",
        "ref": "refs/heads/main",
        "rev": "b787a6968ccfd19226adf5e0b7b8d1dd26b4aa44",
        "revCount": 45,
        "type": "git",
        "url": "https://tangled.org/adam.robins.wtf/beamdev"
      },
      "original": {
        "type": "git",
        "url": "https://tangled.org/adam.robins.wtf/beamdev"
      }
    },
    "crane": {
      "locked": {
        "lastModified": 1787326676,
        "narHash": "sha256-lWhBbBvC05/xwivKBBiM2YNizpmgqCgyOIzomvRuwxs=",
        "owner": "ipetkov",
        "repo": "crane",
        "rev": "692f7e9ef2ece8125b466f66f2af532b3edaed0d",
        "type": "github"
      },
      "original": {
        "owner": "ipetkov",
        "repo": "crane",
        "type": "github"
      }
    },
    "deps_nix": {
      "inputs": {
        "nixpkgs": [
          "nixpkgs"
        ]
      },
      "locked": {
        "lastModified": 1787937802,
        "narHash": "sha256-dIC5264/8cRhXfqdNqRn/A3flVEk51vXDTAN9ytwkak=",
        "owner": "adamcstephens",
        "repo": "deps_nix",
        "rev": "f83b56abca21b4550cffc167ef02a18ece604dd5",
        "type": "github"
      },
      "original": {
        "owner": "adamcstephens",
        "ref": "push-lqyzksrxytlt",
        "repo": "deps_nix",
        "type": "github"
      }
    },
    "flake-parts": {
      "inputs": {
        "nixpkgs-lib": [
          "beamdev",
          "nixpkgs"
        ]
      },
      "locked": {
        "lastModified": 1787559586,
        "narHash": "sha256-onL0VLf9vPllmT0H/OlURIU5r5t5WIEl7t4tVNKT0Nw=",
        "owner": "hercules-ci",
        "repo": "flake-parts",
        "rev": "9d0d87172c374f89da73c1cfe6d81ae62feac1f1",
        "type": "github"
      },
      "original": {
        "owner": "hercules-ci",
        "repo": "flake-parts",
        "type": "github"
      }
    },
    "flake-parts_2": {
      "inputs": {
        "nixpkgs-lib": "nixpkgs-lib"
      },
      "locked": {
        "lastModified": 1788450739,
        "narHash": "sha256-glZLQlzIn1fXH6PazR2iUmTo7kzzyYSshrWhLS9TqCU=",
        "owner": "hercules-ci",
        "repo": "flake-parts",
        "rev": "31729ca8cbdb4fa927b34e5f4353e6a83f39e993",
        "type": "github"
      },
      "original": {
        "owner": "hercules-ci",
        "repo": "flake-parts",
        "type": "github"
      }
    },
    "nixpkgs": {
      "locked": {
        "lastModified": 1787498568,
        "narHash": "sha256-9i/VTdusq/+NM/tz+J1Re+ojkMB8MBf0QshnYfzHz30=",
        "owner": "NixOS",
        "repo": "nixpkgs",
        "rev": "56c02bc00adcf003215cc4bd996d6efaf4cff188",
        "type": "github"
      },
      "original": {
        "owner": "NixOS",
        "ref": "nixos-unstable",
        "repo": "nixpkgs",
        "type": "github"
      }
    },
    "nixpkgs-lib": {
      "locked": {
        "lastModified": 1788057806,
        "narHash": "sha256-DTQSMxzDWmT0zhguthvegnVkn7CFqGCv4IHCzk5ZUpM=",
        "owner": "nix-community",
        "repo": "nixpkgs.lib",
        "rev": "596e2e3940e09b2abbeb03f75fa1828c57fcd72c",
        "type": "github"
      },
      "original": {
        "owner": "nix-community",
        "repo": "nixpkgs.lib",
        "type": "github"
      }
    },
    "nixpkgs_2": {
      "locked": {
        "lastModified": 1789286504,
        "narHash": "sha256-3i80JnZ9pZ7tWReb/Sqpc32cfzffCu8TWLnbnH0hN9c=",
        "rev": "ef34387ddd751e1ab8857adf4676492d32eb24ec",
        "type": "tarball",
        "url": "https://releases.nixos.org/nixos/unstable/nixos-26.11pre1073009.ef34387ddd75/nixexprs.tar.zst"
      },
      "original": {
        "type": "tarball",
        "url": "https://channels.nixos.org/nixos-unstable/nixexprs.tar.zst"
      }
    },
    "root": {
      "inputs": {
        "beamdev": "beamdev",
        "deps_nix": "deps_nix",
        "flake-parts": "flake-parts_2",
        "nixpkgs": "nixpkgs_2"
      }
    },
    "rust-overlay": {
      "inputs": {
        "nixpkgs": [
          "beamdev",
          "nixpkgs"
        ]
      },
      "locked": {
        "lastModified": 1787834454,
        "narHash": "sha256-jXSvqn04IOecJCvSvl8+g3PsbDVNP6qKs6dKUs/b16k=",
        "owner": "oxalica",
        "repo": "rust-overlay",
        "rev": "dc2fd1acc537f3583744e1373597a5731ff7a6e3",
        "type": "github"
      },
      "original": {
        "owner": "oxalica",
        "repo": "rust-overlay",
        "type": "github"
      }
    }
  },
  "root": "root",
  "version": 7
}
